# This file is automatically @generated by Poetry 1.5.1 and should not be changed by hand.

[[package]]
name = "accessify"
version = "0.3.1"
description = "Python design kit: interfaces, declared exception throws, class members accessibility levels (private and protected methods for humans)."
optional = false
python-versions = "*"
files = [
    {file = "accessify-0.3.1.tar.gz", hash = "sha256:471905fd15e128c51e37b240804bb2e44f0be887ba105cacf90ef6725b26278a"},
]

[metadata]
lock-version = "2.0"
python-versions = "^3.11"
content-hash = "18ff45f711177313ec8ae85a8b2afae6f87566793b4b3781fb31ebb47bd578ba"
